
Microsoft Visual Studio Solution File, Format Version 12.00
# Visual Studio Version 17
VisualStudioVersion = 17.0.31903.59
MinimumVisualStudioVersion = 10.0.40219.1
Project("{FAE04EC0-301F-11D3-BF4B-00C04F79EFBC}") = "ManejoTareas", "ManejoTareas\ManejoTareas.csproj", "{DF391E77-9DE9-44F4-9354-821F162A461C}"
EndProject
Global
	GlobalSection(SolutionConfigurationPlatforms) = preSolution
		Debug|Any CPU = Debug|Any CPU
		Release|Any CPU = Release|Any CPU
	EndGlobalSection
	GlobalSection(SolutionProperties) = preSolution
		HideSolutionNode = FALSE
	EndGlobalSection
	GlobalSection(ProjectConfigurationPlatforms) = postSolution
		{DF391E77-9DE9-44F4-9354-821F162A461C}.Debug|Any CPU.ActiveCfg = Debug|Any CPU
		{DF391E77-9DE9-44F4-9354-821F162A461C}.Debug|Any CPU.Build.0 = Debug|Any CPU
		{DF391E77-9DE9-44F4-9354-821F162A461C}.Release|Any CPU.ActiveCfg = Release|Any CPU
		{DF391E77-9DE9-44F4-9354-821F162A461C}.Release|Any CPU.Build.0 = Release|Any CPU
	EndGlobalSection
EndGlobal
